
Microsoft Visual Studio Solution File, Format Version 12.00
# Visual Studio Version 16
VisualStudioVersion = 16.0.29326.143
MinimumVisualStudioVersion = 10.0.40219.1
Project("{FAE04EC0-301F-11D3-BF4B-00C04F79EFBC}") = "ARC-Itecture", "ARC-Itecture\ARC-Itecture.csproj", "{709F1DD7-2156-496D-9573-07EDB75D75B1}"
EndProject
Global
	GlobalSection(SolutionConfigurationPlatforms) = preSolution
		Debug|Any CPU = Debug|Any CPU
		Release|Any CPU = Release|Any CPU
	EndGlobalSection
	GlobalSection(ProjectConfigurationPlatforms) = postSolution
		{709F1DD7-2156-496D-9573-07EDB75D75B1}.Debug|Any CPU.ActiveCfg = Debug|Any CPU
		{709F1DD7-2156-496D-9573-07EDB75D75B1}.Debug|Any CPU.Build.0 = Debug|Any CPU
		{709F1DD7-2156-496D-9573-07EDB75D75B1}.Release|Any CPU.ActiveCfg = Release|Any CPU
		{709F1DD7-2156-496D-9573-07EDB75D75B1}.Release|Any CPU.Build.0 = Release|Any CPU
	EndGlobalSection
	GlobalSection(SolutionProperties) = preSolution
		HideSolutionNode = FALSE
	EndGlobalSection
	GlobalSection(ExtensibilityGlobals) = postSolution
		SolutionGuid = {76DF7A54-E559-4895-B52A-897F2115663D}
	EndGlobalSection
EndGlobal
